
Microsoft Visual Studio Solution File, Format Version 12.00
# Visual Studio Version 17
VisualStudioVersion = 17.6.33829.357
MinimumVisualStudioVersion = 10.0.40219.1
Project("{FAE04EC0-301F-11D3-BF4B-00C04F79EFBC}") = "GroceryShopping", "GroceryShopping\GroceryShopping.csproj", "{D3933024-EAF3-480F-BA94-1CDA49CE2438}"
EndProject
Global
	GlobalSection(SolutionConfigurationPlatforms) = preSolution
		Debug|Any CPU = Debug|Any CPU
		Release|Any CPU = Release|Any CPU
	EndGlobalSection
	GlobalSection(ProjectConfigurationPlatforms) = postSolution
		{D3933024-EAF3-480F-BA94-1CDA49CE2438}.Debug|Any CPU.ActiveCfg = Debug|Any CPU
		{D3933024-EAF3-480F-BA94-1CDA49CE2438}.Debug|Any CPU.Build.0 = Debug|Any CPU
		{D3933024-EAF3-480F-BA94-1CDA49CE2438}.Release|Any CPU.ActiveCfg = Release|Any CPU
		{D3933024-EAF3-480F-BA94-1CDA49CE2438}.Release|Any CPU.Build.0 = Release|Any CPU
	EndGlobalSection
	GlobalSection(SolutionProperties) = preSolution
		HideSolutionNode = FALSE
	EndGlobalSection
	GlobalSection(ExtensibilityGlobals) = postSolution
		SolutionGuid = {EFA58562-FFCA-4E1F-AD18-54AD17B49F5B}
	EndGlobalSection
EndGlobal
